
Microsoft Visual Studio Solution File, Format Version 12.00
# Visual Studio Version 16
VisualStudioVersion = 16.0.31129.286
MinimumVisualStudioVersion = 10.0.40219.1
Project("{FAE04EC0-301F-11D3-BF4B-00C04F79EFBC}") = "Exercise_2", "Exercise_2\Exercise_2.csproj", "{47A30563-3E67-409F-881C-066F10FD619B}"
EndProject
Project("{FAE04EC0-301F-11D3-BF4B-00C04F79EFBC}") = "Exercise_3", "Exercise_3\Exercise_3.csproj", "{FA47C90F-20E9-413A-8EC2-656796E86399}"
EndProject
Project("{FAE04EC0-301F-11D3-BF4B-00C04F79EFBC}") = "Additional_Task", "Additional_Task\Additional_Task.csproj", "{A93D6665-86C9-4732-B186-5067C8EE3196}"
EndProject
Global
	GlobalSection(SolutionConfigurationPlatforms) = preSolution
		Debug|Any CPU = Debug|Any CPU
		Release|Any CPU = Release|Any CPU
	EndGlobalSection
	GlobalSection(ProjectConfigurationPlatforms) = postSolution
		{47A30563-3E67-409F-881C-066F10FD619B}.Debug|Any CPU.ActiveCfg = Debug|Any CPU
		{47A30563-3E67-409F-881C-066F10FD619B}.Debug|Any CPU.Build.0 = Debug|Any CPU
		{47A30563-3E67-409F-881C-066F10FD619B}.Release|Any CPU.ActiveCfg = Release|Any CPU
		{47A30563-3E67-409F-881C-066F10FD619B}.Release|Any CPU.Build.0 = Release|Any CPU
		{FA47C90F-20E9-413A-8EC2-656796E86399}.Debug|Any CPU.ActiveCfg = Debug|Any CPU
		{FA47C90F-20E9-413A-8EC2-656796E86399}.Debug|Any CPU.Build.0 = Debug|Any CPU
		{FA47C90F-20E9-413A-8EC2-656796E86399}.Release|Any CPU.ActiveCfg = Release|Any CPU
		{FA47C90F-20E9-413A-8EC2-656796E86399}.Release|Any CPU.Build.0 = Release|Any CPU
		{A93D6665-86C9-4732-B186-5067C8EE3196}.Debug|Any CPU.ActiveCfg = Debug|Any CPU
		{A93D6665-86C9-4732-B186-5067C8EE3196}.Debug|Any CPU.Build.0 = Debug|Any CPU
		{A93D6665-86C9-4732-B186-5067C8EE3196}.Release|Any CPU.ActiveCfg = Release|Any CPU
		{A93D6665-86C9-4732-B186-5067C8EE3196}.Release|Any CPU.Build.0 = Release|Any CPU
	EndGlobalSection
	GlobalSection(SolutionProperties) = preSolution
		HideSolutionNode = FALSE
	EndGlobalSection
	GlobalSection(ExtensibilityGlobals) = postSolution
		SolutionGuid = {2ACCBA75-356A-4DE2-96EF-E472DD125909}
	EndGlobalSection
EndGlobal
